<?xml version="1.0" encoding="utf-8"?>
<Project ToolsVersion="4.0" xmlns="http://schemas.microsoft.com/developer/msbuild/2003">
  <ItemGroup>
    <Filter Include="_PCS Tests %28do Not Change%29">
      <UniqueIdentifier>{c43d2ce2-5120-466f-97df-d980c308dae4}</UniqueIdentifier>
    </Filter>
    <Filter Include="_UnitTest %28do Not Touch%29">
      <UniqueIdentifier>{2bee600e-4caa-424f-ab7e-39915f6634a2}</UniqueIdentifier>
    </Filter>
    <Filter Include="Source">
      <UniqueIdentifier>{93995380-89BD-4b04-88EB-625FBE52EBFB}</UniqueIdentifier>
      <Extensions>h;hpp;hxx;hm;inl;inc;xsd</Extensions>
    </Filter>
    <Filter Include="Header Files">
      <UniqueIdentifier>{e2260234-c5ae-41cd-8ba5-94760396a734}</UniqueIdentifier>
    </Filter>
  </ItemGroup>
  <ItemGroup>
    <ClCompile Include="PCSNode_Test.cpp">
      <Filter>_PCS Tests %28do Not Change%29</Filter>
    </ClCompile>
    <ClCompile Include="PCSTree_Test.cpp">
      <Filter>_PCS Tests %28do Not Change%29</Filter>
    </ClCompile>
    <ClCompile Include="..\UnitTest\Failure.cpp">
      <Filter>_UnitTest %28do Not Touch%29</Filter>
    </ClCompile>
    <ClCompile Include="..\UnitTest\SimpleString.cpp">
      <Filter>_UnitTest %28do Not Touch%29</Filter>
    </ClCompile>
    <ClCompile Include="..\UnitTest\Test.cpp">
      <Filter>_UnitTest %28do Not Touch%29</Filter>
    </ClCompile>
    <ClCompile Include="..\UnitTest\TestRegistry.cpp">
      <Filter>_UnitTest %28do Not Touch%29</Filter>
    </ClCompile>
    <ClCompile Include="..\UnitTest\TestResult.cpp">
      <Filter>_UnitTest %28do Not Touch%29</Filter>
    </ClCompile>
    <ClCompile Include="..\UnitTest\UnitTest.cpp">
      <Filter>_UnitTest %28do Not Touch%29</Filter>
    </ClCompile>
    <ClCompile Include="PCSNode.cpp">
      <Filter>Source</Filter>
    </ClCompile>
    <ClCompile Include="PCSTree.cpp">
      <Filter>Source</Filter>
    </ClCompile>
    <ClCompile Include="main.cpp">
      <Filter>Source</Filter>
    </ClCompile>
    <ClCompile Include="PCSTreeForwardIterator.cpp">
      <Filter>Source</Filter>
    </ClCompile>
    <ClCompile Include="PCSTreeReverseIterator.cpp">
      <Filter>Source</Filter>
    </ClCompile>
  </ItemGroup>
  <ItemGroup>
    <ClInclude Include="..\UnitTest\SimpleString.h">
      <Filter>_UnitTest %28do Not Touch%29</Filter>
    </ClInclude>
    <ClInclude Include="..\UnitTest\TestRegistry.h">
      <Filter>_UnitTest %28do Not Touch%29</Filter>
    </ClInclude>
    <ClInclude Include="..\UnitTest\UnitTest.h">
      <Filter>_UnitTest %28do Not Touch%29</Filter>
    </ClInclude>
    <ClInclude Include="..\include\PCSTree\PCSNode.h">
      <Filter>Header Files</Filter>
    </ClInclude>
    <ClInclude Include="..\include\PCSTree\PCSSerializer.h">
      <Filter>Header Files</Filter>
    </ClInclude>
    <ClInclude Include="..\include\PCSTree\PCSSerialNode.h">
      <Filter>Header Files</Filter>
    </ClInclude>
    <ClInclude Include="..\include\PCSTree\PCSTree.h">
      <Filter>Header Files</Filter>
    </ClInclude>
    <ClInclude Include="..\include\PCSTree\PCSTreeForwardIterator.h">
      <Filter>Header Files</Filter>
    </ClInclude>
    <ClInclude Include="..\include\PCSTree\PCSTreeIterator.h">
      <Filter>Header Files</Filter>
    </ClInclude>
    <ClInclude Include="..\include\PCSTree\PCSTreeReverseIterator.h">
      <Filter>Header Files</Filter>
    </ClInclude>
  </ItemGroup>
</Project>