<?xml version="1.0" encoding="utf-8"?>
<Project ToolsVersion="4.0" xmlns="http://schemas.microsoft.com/developer/msbuild/2003">
  <ItemGroup>
    <Filter Include="Header Files">
      <UniqueIdentifier>{c7fca6b4-89cb-4d35-aad1-91806b47fd19}</UniqueIdentifier>
    </Filter>
    <Filter Include="Source Files">
      <UniqueIdentifier>{9e005c5a-8545-4803-9b4a-fbe1f32b8bc5}</UniqueIdentifier>
    </Filter>
  </ItemGroup>
  <ItemGroup>
    <ClCompile Include="Matrix.cpp">
      <Filter>Source Files</Filter>
    </ClCompile>
    <ClCompile Include="Quat.cpp">
      <Filter>Source Files</Filter>
    </ClCompile>
    <ClCompile Include="QuatApp.cpp">
      <Filter>Source Files</Filter>
    </ClCompile>
    <ClCompile Include="Util.cpp">
      <Filter>Source Files</Filter>
    </ClCompile>
    <ClCompile Include="Vect.cpp">
      <Filter>Source Files</Filter>
    </ClCompile>
    <ClCompile Include="VectApp.cpp">
      <Filter>Source Files</Filter>
    </ClCompile>
  </ItemGroup>
  <ItemGroup>
    <ClInclude Include="..\include\Math\Align16.h">
      <Filter>Header Files</Filter>
    </ClInclude>
    <ClInclude Include="..\include\Math\Constants.h">
      <Filter>Header Files</Filter>
    </ClInclude>
    <ClInclude Include="..\include\Math\Enum.h">
      <Filter>Header Files</Filter>
    </ClInclude>
    <ClInclude Include="..\include\Math\MathApp.h">
      <Filter>Header Files</Filter>
    </ClInclude>
    <ClInclude Include="..\include\Math\MathEngine.h">
      <Filter>Header Files</Filter>
    </ClInclude>
    <ClInclude Include="..\include\Math\Matrix.h">
      <Filter>Header Files</Filter>
    </ClInclude>
    <ClInclude Include="..\include\Math\Quat.h">
      <Filter>Header Files</Filter>
    </ClInclude>
    <ClInclude Include="..\include\Math\QuatApp.h">
      <Filter>Header Files</Filter>
    </ClInclude>
    <ClInclude Include="..\include\Math\Util.h">
      <Filter>Header Files</Filter>
    </ClInclude>
    <ClInclude Include="..\include\Math\Vect.h">
      <Filter>Header Files</Filter>
    </ClInclude>
    <ClInclude Include="..\include\Math\VectApp.h">
      <Filter>Header Files</Filter>
    </ClInclude>
  </ItemGroup>
</Project>